
Microsoft Visual Studio Solution File, Format Version 12.00
# Visual Studio Version 17
VisualStudioVersion = 17.11.35312.102
MinimumVisualStudioVersion = 10.0.40219.1
Project("{2150E333-8FDC-42A3-9474-1A3956D46DE8}") = "01", "01", "{CAB0708D-6849-48A0-8D83-3293390A4B99}"
EndProject
Project("{2150E333-8FDC-42A3-9474-1A3956D46DE8}") = "02", "02", "{306450E6-BC28-4B0C-81FC-37A936B9682D}"
EndProject
Project("{2150E333-8FDC-42A3-9474-1A3956D46DE8}") = "03", "03", "{9CE9FD6A-1BBE-4F98-B9EA-07BB8403684B}"
EndProject
Project("{FAE04EC0-301F-11D3-BF4B-00C04F79EFBC}") = "Ejercicio03.Entidades", "Ejercicio03.Entidades\Ejercicio03.Entidades.csproj", "{01E56187-D2E3-49C7-9FB0-F19EEBD08B06}"
EndProject
Project("{FAE04EC0-301F-11D3-BF4B-00C04F79EFBC}") = "Ejercicio03.Datos", "Ejercicio03.Datos\Ejercicio03.Datos.csproj", "{620523BA-6411-4655-A069-AC96588A24C4}"
EndProject
Project("{FAE04EC0-301F-11D3-BF4B-00C04F79EFBC}") = "Ejercicio03.Consola", "Ejercicio03.Consola\Ejercicio03.Consola.csproj", "{ABD6BAD8-855B-4B9D-84DC-C188BEF21997}"
EndProject
Project("{2150E333-8FDC-42A3-9474-1A3956D46DE8}") = "04", "04", "{948B8B53-2FDB-496B-A186-7B52CFCE1BFA}"
EndProject
Project("{FAE04EC0-301F-11D3-BF4B-00C04F79EFBC}") = "Ejercicio04.Entidades", "Ejercicio04.Entidades\Ejercicio04.Entidades.csproj", "{D214E2AF-217A-4FBD-8674-18E1961E30C1}"
EndProject
Project("{FAE04EC0-301F-11D3-BF4B-00C04F79EFBC}") = "Ejercicio04.Datos", "Ejercicio04.Datos\Ejercicio04.Datos.csproj", "{BA2E5269-45A1-48D1-B65D-2FA9CA5CF7EB}"
EndProject
Project("{FAE04EC0-301F-11D3-BF4B-00C04F79EFBC}") = "Ejercicio04.Consola", "Ejercicio04.Consola\Ejercicio04.Consola.csproj", "{87CC50EC-636C-4E8B-8028-C7DFB6B0A13F}"
EndProject
Project("{2150E333-8FDC-42A3-9474-1A3956D46DE8}") = "05", "05", "{A04651C3-D587-46AE-8DB3-F17A73EF9656}"
EndProject
Project("{FAE04EC0-301F-11D3-BF4B-00C04F79EFBC}") = "Ejercicio05.Entidades", "Ejercicio05.Entidades\Ejercicio05.Entidades.csproj", "{1F64441F-FB15-48D1-8CCF-6A16FF7623A8}"
EndProject
Project("{FAE04EC0-301F-11D3-BF4B-00C04F79EFBC}") = "Ejercicio05.Datos", "Ejercicio05.Datos\Ejercicio05.Datos.csproj", "{40359F6F-5B2F-441E-81AE-5727EB09A2E5}"
EndProject
Project("{FAE04EC0-301F-11D3-BF4B-00C04F79EFBC}") = "Ejercicio05.Consola", "Ejercicio05.Consola\Ejercicio05.Consola.csproj", "{D0726562-64C9-44EA-8B5C-CEEE4D3A8460}"
EndProject
Global
	GlobalSection(SolutionConfigurationPlatforms) = preSolution
		Debug|Any CPU = Debug|Any CPU
		Release|Any CPU = Release|Any CPU
	EndGlobalSection
	GlobalSection(ProjectConfigurationPlatforms) = postSolution
		{01E56187-D2E3-49C7-9FB0-F19EEBD08B06}.Debug|Any CPU.ActiveCfg = Debug|Any CPU
		{01E56187-D2E3-49C7-9FB0-F19EEBD08B06}.Debug|Any CPU.Build.0 = Debug|Any CPU
		{01E56187-D2E3-49C7-9FB0-F19EEBD08B06}.Release|Any CPU.ActiveCfg = Release|Any CPU
		{01E56187-D2E3-49C7-9FB0-F19EEBD08B06}.Release|Any CPU.Build.0 = Release|Any CPU
		{620523BA-6411-4655-A069-AC96588A24C4}.Debug|Any CPU.ActiveCfg = Debug|Any CPU
		{620523BA-6411-4655-A069-AC96588A24C4}.Debug|Any CPU.Build.0 = Debug|Any CPU
		{620523BA-6411-4655-A069-AC96588A24C4}.Release|Any CPU.ActiveCfg = Release|Any CPU
		{620523BA-6411-4655-A069-AC96588A24C4}.Release|Any CPU.Build.0 = Release|Any CPU
		{ABD6BAD8-855B-4B9D-84DC-C188BEF21997}.Debug|Any CPU.ActiveCfg = Debug|Any CPU
		{ABD6BAD8-855B-4B9D-84DC-C188BEF21997}.Debug|Any CPU.Build.0 = Debug|Any CPU
		{ABD6BAD8-855B-4B9D-84DC-C188BEF21997}.Release|Any CPU.ActiveCfg = Release|Any CPU
		{ABD6BAD8-855B-4B9D-84DC-C188BEF21997}.Release|Any CPU.Build.0 = Release|Any CPU
		{D214E2AF-217A-4FBD-8674-18E1961E30C1}.Debug|Any CPU.ActiveCfg = Debug|Any CPU
		{D214E2AF-217A-4FBD-8674-18E1961E30C1}.Debug|Any CPU.Build.0 = Debug|Any CPU
		{D214E2AF-217A-4FBD-8674-18E1961E30C1}.Release|Any CPU.ActiveCfg = Release|Any CPU
		{D214E2AF-217A-4FBD-8674-18E1961E30C1}.Release|Any CPU.Build.0 = Release|Any CPU
		{BA2E5269-45A1-48D1-B65D-2FA9CA5CF7EB}.Debug|Any CPU.ActiveCfg = Debug|Any CPU
		{BA2E5269-45A1-48D1-B65D-2FA9CA5CF7EB}.Debug|Any CPU.Build.0 = Debug|Any CPU
		{BA2E5269-45A1-48D1-B65D-2FA9CA5CF7EB}.Release|Any CPU.ActiveCfg = Release|Any CPU
		{BA2E5269-45A1-48D1-B65D-2FA9CA5CF7EB}.Release|Any CPU.Build.0 = Release|Any CPU
		{87CC50EC-636C-4E8B-8028-C7DFB6B0A13F}.Debug|Any CPU.ActiveCfg = Debug|Any CPU
		{87CC50EC-636C-4E8B-8028-C7DFB6B0A13F}.Debug|Any CPU.Build.0 = Debug|Any CPU
		{87CC50EC-636C-4E8B-8028-C7DFB6B0A13F}.Release|Any CPU.ActiveCfg = Release|Any CPU
		{87CC50EC-636C-4E8B-8028-C7DFB6B0A13F}.Release|Any CPU.Build.0 = Release|Any CPU
		{1F64441F-FB15-48D1-8CCF-6A16FF7623A8}.Debug|Any CPU.ActiveCfg = Debug|Any CPU
		{1F64441F-FB15-48D1-8CCF-6A16FF7623A8}.Debug|Any CPU.Build.0 = Debug|Any CPU
		{1F64441F-FB15-48D1-8CCF-6A16FF7623A8}.Release|Any CPU.ActiveCfg = Release|Any CPU
		{1F64441F-FB15-48D1-8CCF-6A16FF7623A8}.Release|Any CPU.Build.0 = Release|Any CPU
		{40359F6F-5B2F-441E-81AE-5727EB09A2E5}.Debug|Any CPU.ActiveCfg = Debug|Any CPU
		{40359F6F-5B2F-441E-81AE-5727EB09A2E5}.Debug|Any CPU.Build.0 = Debug|Any CPU
		{40359F6F-5B2F-441E-81AE-5727EB09A2E5}.Release|Any CPU.ActiveCfg = Release|Any CPU
		{40359F6F-5B2F-441E-81AE-5727EB09A2E5}.Release|Any CPU.Build.0 = Release|Any CPU
		{D0726562-64C9-44EA-8B5C-CEEE4D3A8460}.Debug|Any CPU.ActiveCfg = Debug|Any CPU
		{D0726562-64C9-44EA-8B5C-CEEE4D3A8460}.Debug|Any CPU.Build.0 = Debug|Any CPU
		{D0726562-64C9-44EA-8B5C-CEEE4D3A8460}.Release|Any CPU.ActiveCfg = Release|Any CPU
		{D0726562-64C9-44EA-8B5C-CEEE4D3A8460}.Release|Any CPU.Build.0 = Release|Any CPU
	EndGlobalSection
	GlobalSection(SolutionProperties) = preSolution
		HideSolutionNode = FALSE
	EndGlobalSection
	GlobalSection(NestedProjects) = preSolution
		{01E56187-D2E3-49C7-9FB0-F19EEBD08B06} = {9CE9FD6A-1BBE-4F98-B9EA-07BB8403684B}
		{620523BA-6411-4655-A069-AC96588A24C4} = {9CE9FD6A-1BBE-4F98-B9EA-07BB8403684B}
		{ABD6BAD8-855B-4B9D-84DC-C188BEF21997} = {9CE9FD6A-1BBE-4F98-B9EA-07BB8403684B}
		{D214E2AF-217A-4FBD-8674-18E1961E30C1} = {948B8B53-2FDB-496B-A186-7B52CFCE1BFA}
		{BA2E5269-45A1-48D1-B65D-2FA9CA5CF7EB} = {948B8B53-2FDB-496B-A186-7B52CFCE1BFA}
		{87CC50EC-636C-4E8B-8028-C7DFB6B0A13F} = {948B8B53-2FDB-496B-A186-7B52CFCE1BFA}
		{1F64441F-FB15-48D1-8CCF-6A16FF7623A8} = {A04651C3-D587-46AE-8DB3-F17A73EF9656}
		{40359F6F-5B2F-441E-81AE-5727EB09A2E5} = {A04651C3-D587-46AE-8DB3-F17A73EF9656}
		{D0726562-64C9-44EA-8B5C-CEEE4D3A8460} = {A04651C3-D587-46AE-8DB3-F17A73EF9656}
	EndGlobalSection
	GlobalSection(ExtensibilityGlobals) = postSolution
		SolutionGuid = {48777B85-1900-4CEA-9004-F19C519F363B}
	EndGlobalSection
EndGlobal
